
Microsoft Visual Studio Solution File, Format Version 12.00
# Visual Studio Version 16
VisualStudioVersion = 16.0.29424.173
MinimumVisualStudioVersion = 10.0.40219.1
Project("{FAE04EC0-301F-11D3-BF4B-00C04F79EFBC}") = "Prob3", "Prob3\Prob3.csproj", "{91B6E1C5-E909-442C-9C9C-A81B7043029E}"
EndProject
Project("{FAE04EC0-301F-11D3-BF4B-00C04F79EFBC}") = "ClassProb.UnitTests", "ClassProb.UnitTests\ClassProb.UnitTests.csproj", "{5C045E94-502F-4EDC-81C4-A4A1EBE1E0ED}"
EndProject
Project("{FAE04EC0-301F-11D3-BF4B-00C04F79EFBC}") = "ClassProb2.UnitTests", "ClassProb2.UnitTests\ClassProb2.UnitTests.csproj", "{BBF6C986-078D-4BC6-AF2F-C05FED593851}"
EndProject
Global
	GlobalSection(SolutionConfigurationPlatforms) = preSolution
		Debug|Any CPU = Debug|Any CPU
		Release|Any CPU = Release|Any CPU
	EndGlobalSection
	GlobalSection(ProjectConfigurationPlatforms) = postSolution
		{91B6E1C5-E909-442C-9C9C-A81B7043029E}.Debug|Any CPU.ActiveCfg = Debug|Any CPU
		{91B6E1C5-E909-442C-9C9C-A81B7043029E}.Debug|Any CPU.Build.0 = Debug|Any CPU
		{91B6E1C5-E909-442C-9C9C-A81B7043029E}.Release|Any CPU.ActiveCfg = Release|Any CPU
		{91B6E1C5-E909-442C-9C9C-A81B7043029E}.Release|Any CPU.Build.0 = Release|Any CPU
		{5C045E94-502F-4EDC-81C4-A4A1EBE1E0ED}.Debug|Any CPU.ActiveCfg = Debug|Any CPU
		{5C045E94-502F-4EDC-81C4-A4A1EBE1E0ED}.Debug|Any CPU.Build.0 = Debug|Any CPU
		{5C045E94-502F-4EDC-81C4-A4A1EBE1E0ED}.Release|Any CPU.ActiveCfg = Release|Any CPU
		{5C045E94-502F-4EDC-81C4-A4A1EBE1E0ED}.Release|Any CPU.Build.0 = Release|Any CPU
		{BBF6C986-078D-4BC6-AF2F-C05FED593851}.Debug|Any CPU.ActiveCfg = Debug|Any CPU
		{BBF6C986-078D-4BC6-AF2F-C05FED593851}.Debug|Any CPU.Build.0 = Debug|Any CPU
		{BBF6C986-078D-4BC6-AF2F-C05FED593851}.Release|Any CPU.ActiveCfg = Release|Any CPU
		{BBF6C986-078D-4BC6-AF2F-C05FED593851}.Release|Any CPU.Build.0 = Release|Any CPU
	EndGlobalSection
	GlobalSection(SolutionProperties) = preSolution
		HideSolutionNode = FALSE
	EndGlobalSection
	GlobalSection(ExtensibilityGlobals) = postSolution
		SolutionGuid = {5F5B0925-BC91-40FF-AC5D-0D63E690FBDD}
	EndGlobalSection
EndGlobal
