
Microsoft Visual Studio Solution File, Format Version 12.00
# Visual Studio Version 16
VisualStudioVersion = 16.0.29424.173
MinimumVisualStudioVersion = 10.0.40219.1
Project("{FAE04EC0-301F-11D3-BF4B-00C04F79EFBC}") = "Prob1", "Prob1\Prob1.csproj", "{76323A90-4602-4813-92A6-3EB292D3D4B6}"
EndProject
Project("{FAE04EC0-301F-11D3-BF4B-00C04F79EFBC}") = "Prob2", "Prob2\Prob2.csproj", "{FA86D3E5-99ED-4109-9AD4-343530053925}"
EndProject
Global
	GlobalSection(SolutionConfigurationPlatforms) = preSolution
		Debug|Any CPU = Debug|Any CPU
		Release|Any CPU = Release|Any CPU
	EndGlobalSection
	GlobalSection(ProjectConfigurationPlatforms) = postSolution
		{76323A90-4602-4813-92A6-3EB292D3D4B6}.Debug|Any CPU.ActiveCfg = Debug|Any CPU
		{76323A90-4602-4813-92A6-3EB292D3D4B6}.Debug|Any CPU.Build.0 = Debug|Any CPU
		{76323A90-4602-4813-92A6-3EB292D3D4B6}.Release|Any CPU.ActiveCfg = Release|Any CPU
		{76323A90-4602-4813-92A6-3EB292D3D4B6}.Release|Any CPU.Build.0 = Release|Any CPU
		{FA86D3E5-99ED-4109-9AD4-343530053925}.Debug|Any CPU.ActiveCfg = Debug|Any CPU
		{FA86D3E5-99ED-4109-9AD4-343530053925}.Debug|Any CPU.Build.0 = Debug|Any CPU
		{FA86D3E5-99ED-4109-9AD4-343530053925}.Release|Any CPU.ActiveCfg = Release|Any CPU
		{FA86D3E5-99ED-4109-9AD4-343530053925}.Release|Any CPU.Build.0 = Release|Any CPU
	EndGlobalSection
	GlobalSection(SolutionProperties) = preSolution
		HideSolutionNode = FALSE
	EndGlobalSection
	GlobalSection(ExtensibilityGlobals) = postSolution
		SolutionGuid = {1354B044-7B43-44A8-AAF3-7091640CD71F}
	EndGlobalSection
EndGlobal
